{
    "version": 3,
    "terraform_version": "0.11.7",
    "serial": 2,
    "lineage": "681bdec9-6dd4-6d8f-099b-476ea5d8f19d",
    "modules": [
        {
            "path": [
                "root"
            ],
            "outputs": {},
            "resources": {
                "aws_instance.dbrs_assessment": {
                    "type": "aws_instance",
                    "depends_on": [],
                    "primary": {
                        "id": "i-096373f10541d2ae3",
                        "attributes": {
                            "ami": "ami-8c122be9",
                            "arn": "arn:aws:ec2:us-east-2:497206142989:instance/i-096373f10541d2ae3",
                            "associate_public_ip_address": "true",
                            "availability_zone": "us-east-2b",
                            "cpu_core_count": "1",
                            "cpu_threads_per_core": "2",
                            "credit_specification.#": "1",
                            "credit_specification.0.cpu_credits": "standard",
                            "disable_api_termination": "false",
                            "ebs_block_device.#": "0",
                            "ebs_optimized": "false",
                            "ephemeral_block_device.#": "0",
                            "get_password_data": "false",
                            "iam_instance_profile": "",
                            "id": "i-096373f10541d2ae3",
                            "instance_state": "running",
                            "instance_type": "m5.large",
                            "ipv6_addresses.#": "0",
                            "key_name": "",
                            "monitoring": "false",
                            "network_interface.#": "0",
                            "network_interface_id": "eni-0db35c524e68f3904",
                            "password_data": "",
                            "placement_group": "",
                            "primary_network_interface_id": "eni-0db35c524e68f3904",
                            "private_dns": "ip-172-31-24-124.us-east-2.compute.internal",
                            "private_ip": "172.31.24.124",
                            "public_dns": "ec2-18-222-224-183.us-east-2.compute.amazonaws.com",
                            "public_ip": "18.222.224.183",
                            "root_block_device.#": "1",
                            "root_block_device.0.delete_on_termination": "true",
                            "root_block_device.0.iops": "100",
                            "root_block_device.0.volume_id": "vol-05d7217c0c05ae2e9",
                            "root_block_device.0.volume_size": "8",
                            "root_block_device.0.volume_type": "gp2",
                            "security_groups.#": "1",
                            "security_groups.3814588639": "default",
                            "source_dest_check": "true",
                            "subnet_id": "subnet-708a6f0a",
                            "tags.%": "0",
                            "tenancy": "default",
                            "volume_tags.%": "0",
                            "vpc_security_group_ids.#": "1",
                            "vpc_security_group_ids.1949458268": "sg-79579e12"
                        },
                        "meta": {
                            "e2bfb730-ecaa-11e6-8f88-34363bc7c4c0": {
                                "create": 600000000000,
                                "delete": 1200000000000,
                                "update": 600000000000
                            },
                            "schema_version": "1"
                        },
                        "tainted": false
                    },
                    "deposed": [],
                    "provider": "provider.aws"
                }
            },
            "depends_on": []
        }
    ]
}
